// !$*UTF8*$!
{
	archiveVersion = 1;
	classes = {
	};
	objectVersion = 77;
	objects = {

/* Begin PBXContainerItemProxy section */
		B9D409BA2F7F3F3C003A9A17 /* PBXContainerItemProxy */ = {
			isa = PBXContainerItemProxy;
			containerPortal = B9D409A42F7F3F3C003A9A17 /* Project object */;
			proxyType = 1;
			remoteGlobalIDString = B9D409AB2F7F3F3C003A9A17;
			remoteInfo = SpectreSocialNetwork;
		};
		B9D409C42F7F3F3C003A9A17 /* PBXContainerItemProxy */ = {
			isa = PBXContainerItemProxy;
			containerPortal = B9D409A42F7F3F3C003A9A17 /* Project object */;
			proxyType = 1;
			remoteGlobalIDString = B9D409AB2F7F3F3C003A9A17;
			remoteInfo = SpectreSocialNetwork;
		};
/* End PBXContainerItemProxy section */

/* Begin PBXFileReference section */
		B9D409AC2F7F3F3C003A9A17 /* SpectreSocialNetwork.app */ = {isa = PBXFileReference; explicitFileType = wrapper.application; includeInIndex = 0; path = SpectreSocialNetwork.app; sourceTree = BUILT_PRODUCTS_DIR; };
		B9D409B92F7F3F3C003A9A17 /* SpectreSocialNetworkTests.xctest */ = {isa = PBXFileReference; explicitFileType = wrapper.cfbundle; includeInIndex = 0; path = SpectreSocialNetworkTests.xctest; sourceTree = BUILT_PRODUCTS_DIR; };
		B9D409C32F7F3F3C003A9A17 /* SpectreSocialNetworkUITests.xctest */ = {isa = PBXFileReference; explicitFileType = wrapper.cfbundle; includeInIndex = 0; path = SpectreSocialNetworkUITests.xctest; sourceTree = BUILT_PRODUCTS_DIR; };
/* End PBXFileReference section */

/* Begin PBXFileSystemSynchronizedRootGroup section */
		B9D409AE2F7F3F3C003A9A17 /* SpectreSocialNetwork */ = {
			isa = PBXFileSystemSynchronizedRootGroup;
			path = SpectreSocialNetwork;
			sourceTree = "<group>";
		};
		B9D409BC2F7F3F3C003A9A17 /* SpectreSocialNetworkTests */ = {
			isa = PBXFileSystemSynchronizedRootGroup;
			path = SpectreSocialNetworkTests;
			sourceTree = "<group>";
		};
		B9D409C62F7F3F3C003A9A17 /* SpectreSocialNetworkUITests */ = {
			isa = PBXFileSystemSynchronizedRootGroup;
			path = SpectreSocialNetworkUITests;
			sourceTree = "<group>";
		};
/* End PBXFileSystemSynchronizedRootGroup section */

/* Begin PBXFrameworksBuildPhase section */
		B9D409A92F7F3F3C003A9A17 /* Frameworks */ = {
			isa = PBXFrameworksBuildPhase;
			buildActionMask = 2147483647;
			files = (
			);
			runOnlyForDeploymentPostprocessing = 0;
		};
		B9D409B62F7F3F3C003A9A17 /* Frameworks */ = {
			isa = PBXFrameworksBuildPhase;
			buildActionMask = 2147483647;
			files = (
			);
			runOnlyForDeploymentPostprocessing = 0;
		};
		B9D409C02F7F3F3C003A9A17 /* Frameworks */ = {
			isa = PBXFrameworksBuildPhase;
			buildActionMask = 2147483647;
			files = (
			);
			runOnlyForDeploymentPostprocessing = 0;
		};
/* End PBXFrameworksBuildPhase section */

/* Begin PBXGroup section */
		B9D409A32F7F3F3C003A9A17 = {
			isa = PBXGroup;
			children = (
				B9D409AE2F7F3F3C003A9A17 /* SpectreSocialNetwork */,
				B9D409BC2F7F3F3C003A9A17 /* SpectreSocialNetworkTests */,
				B9D409C62F7F3F3C003A9A17 /* SpectreSocialNetworkUITests */,
				B9D409AD2F7F3F3C003A9A17 /* Products */,
			);
			sourceTree = "<group>";
		};
		B9D409AD2F7F3F3C003A9A17 /* Products */ = {
			isa = PBXGroup;
			children = (
				B9D409AC2F7F3F3C003A9A17 /* SpectreSocialNetwork.app */,
				B9D409B92F7F3F3C003A9A17 /* SpectreSocialNetworkTests.xctest */,
				B9D409C32F7F3F3C003A9A17 /* SpectreSocialNetworkUITests.xctest */,
			);
			name = Products;
			sourceTree = "<group>";
		};
/* End PBXGroup section */

/* Begin PBXNativeTarget section */
		B9D409AB2F7F3F3C003A9A17 /* SpectreSocialNetwork */ = {
			isa = PBXNativeTarget;
			buildConfigurationList = B9D409CD2F7F3F3C003A9A17 /* Build configuration list for PBXNativeTarget "SpectreSocialNetwork" */;
			buildPhases = (
				B9D409A82F7F3F3C003A9A17 /* Sources */,
				B9D409A92F7F3F3C003A9A17 /* Frameworks */,
				B9D409AA2F7F3F3C003A9A17 /* Resources */,
			);
			buildRules = (
			);
			dependencies = (
			);
			fileSystemSynchronizedGroups = (
				B9D409AE2F7F3F3C003A9A17 /* SpectreSocialNetwork */,
			);
			name = SpectreSocialNetwork;
			packageProductDependencies = (
			);
			productName = SpectreSocialNetwork;
			productReference = B9D409AC2F7F3F3C003A9A17 /* SpectreSocialNetwork.app */;
			productType = "com.apple.product-type.application";
		};
		B9D409B82F7F3F3C003A9A17 /* SpectreSocialNetworkTests */ = {
			isa = PBXNativeTarget;
			buildConfigurationList = B9D409D02F7F3F3C003A9A17 /* Build configuration list for PBXNativeTarget "SpectreSocialNetworkTests" */;
			buildPhases = (
				B9D409B52F7F3F3C003A9A17 /* Sources */,
				B9D409B62F7F3F3C003A9A17 /* Frameworks */,
				B9D409B72F7F3F3C003A9A17 /* Resources */,
			);
			buildRules = (
			);
			dependencies = (
				B9D409BB2F7F3F3C003A9A17 /* PBXTargetDependency */,
			);
			fileSystemSynchronizedGroups = (
				B9D409BC2F7F3F3C003A9A17 /* SpectreSocialNetworkTests */,
			);
			name = SpectreSocialNetworkTests;
			packageProductDependencies = (
			);
			productName = SpectreSocialNetworkTests;
			productReference = B9D409B92F7F3F3C003A9A17 /* SpectreSocialNetworkTests.xctest */;
			productType = "com.apple.product-type.bundle.unit-test";
		};
		B9D409C22F7F3F3C003A9A17 /* SpectreSocialNetworkUITests */ = {
			isa = PBXNativeTarget;
			buildConfigurationList = B9D409D32F7F3F3C003A9A17 /* Build configuration list for PBXNativeTarget "SpectreSocialNetworkUITests" */;
			buildPhases = (
				B9D409BF2F7F3F3C003A9A17 /* Sources */,
				B9D409C02F7F3F3C003A9A17 /* Frameworks */,
				B9D409C12F7F3F3C003A9A17 /* Resources */,
			);
			buildRules = (
			);
			dependencies = (
				B9D409C52F7F3F3C003A9A17 /* PBXTargetDependency */,
			);
			fileSystemSynchronizedGroups = (
				B9D409C62F7F3F3C003A9A17 /* SpectreSocialNetworkUITests */,
			);
			name = SpectreSocialNetworkUITests;
			packageProductDependencies = (
			);
			productName = SpectreSocialNetworkUITests;
			productReference = B9D409C32F7F3F3C003A9A17 /* SpectreSocialNetworkUITests.xctest */;
			productType = "com.apple.product-type.bundle.ui-testing";
		};
/* End PBXNativeTarget section */

/* Begin PBXProject section */
		B9D409A42F7F3F3C003A9A17 /* Project object */ = {
			isa = PBXProject;
			attributes = {
				BuildIndependentTargetsInParallel = 1;
				LastSwiftUpdateCheck = 2630;
				LastUpgradeCheck = 2630;
				TargetAttributes = {
					B9D409AB2F7F3F3C003A9A17 = {
						CreatedOnToolsVersion = 26.3;
					};
					B9D409B82F7F3F3C003A9A17 = {
						CreatedOnToolsVersion = 26.3;
						TestTargetID = B9D409AB2F7F3F3C003A9A17;
					};
					B9D409C22F7F3F3C003A9A17 = {
						CreatedOnToolsVersion = 26.3;
						TestTargetID = B9D409AB2F7F3F3C003A9A17;
					};
				};
			};
			buildConfigurationList = B9D409A72F7F3F3C003A9A17 /* Build configuration list for PBXProject "SpectreSocialNetwork" */;
			developmentRegion = en;
			hasScannedForEncodings = 0;
			knownRegions = (
				en,
				Base,
			);
			mainGroup = B9D409A32F7F3F3C003A9A17;
			minimizedProjectReferenceProxies = 1;
			preferredProjectObjectVersion = 77;
			productRefGroup = B9D409AD2F7F3F3C003A9A17 /* Products */;
			projectDirPath = "";
			projectRoot = "";
			targets = (
				B9D409AB2F7F3F3C003A9A17 /* SpectreSocialNetwork */,
				B9D409B82F7F3F3C003A9A17 /* SpectreSocialNetworkTests */,
				B9D409C22F7F3F3C003A9A17 /* SpectreSocialNetworkUITests */,
			);
		};
/* End PBXProject section */

/* Begin PBXResourcesBuildPhase section */
		B9D409AA2F7F3F3C003A9A17 /* Resources */ = {
			isa = PBXResourcesBuildPhase;
			buildActionMask = 2147483647;
			files = (
			);
			runOnlyForDeploymentPostprocessing = 0;
		};
		B9D409B72F7F3F3C003A9A17 /* Resources */ = {
			isa = PBXResourcesBuildPhase;
			buildActionMask = 2147483647;
			files = (
			);
			runOnlyForDeploymentPostprocessing = 0;
		};
		B9D409C12F7F3F3C003A9A17 /* Resources */ = {
			isa = PBXResourcesBuildPhase;
			buildActionMask = 2147483647;
			files = (
			);
			runOnlyForDeploymentPostprocessing = 0;
		};
/* End PBXResourcesBuildPhase section */

/* Begin PBXSourcesBuildPhase section */
		B9D409A82F7F3F3C003A9A17 /* Sources */ = {
			isa = PBXSourcesBuildPhase;
			buildActionMask = 2147483647;
			files = (
			);
			runOnlyForDeploymentPostprocessing = 0;
		};
		B9D409B52F7F3F3C003A9A17 /* Sources */ = {
			isa = PBXSourcesBuildPhase;
			buildActionMask = 2147483647;
			files = (
			);
			runOnlyForDeploymentPostprocessing = 0;
		};
		B9D409BF2F7F3F3C003A9A17 /* Sources */ = {
			isa = PBXSourcesBuildPhase;
			buildActionMask = 2147483647;
			files = (
			);
			runOnlyForDeploymentPostprocessing = 0;
		};
/* End PBXSourcesBuildPhase section */

/* Begin PBXTargetDependency section */
		B9D409BB2F7F3F3C003A9A17 /* PBXTargetDependency */ = {
			isa = PBXTargetDependency;
			target = B9D409AB2F7F3F3C003A9A17 /* SpectreSocialNetwork */;
			targetProxy = B9D409BA2F7F3F3C003A9A17 /* PBXContainerItemProxy */;
		};
		B9D409C52F7F3F3C003A9A17 /* PBXTargetDependency */ = {
			isa = PBXTargetDependency;
			target = B9D409AB2F7F3F3C003A9A17 /* SpectreSocialNetwork */;
			targetProxy = B9D409C42F7F3F3C003A9A17 /* PBXContainerItemProxy */;
		};
/* End PBXTargetDependency section */

/* Begin XCBuildConfiguration section */
		B9D409CB2F7F3F3C003A9A17 /* Debug */ = {
			isa = XCBuildConfiguration;
			buildSettings = {
				ALWAYS_SEARCH_USER_PATHS = NO;
				ASSETCATALOG_COMPILER_GENERATE_SWIFT_ASSET_SYMBOL_EXTENSIONS = YES;
				CLANG_ANALYZER_NONNULL = YES;
				CLANG_ANALYZER_NUMBER_OBJECT_CONVERSION = YES_AGGRESSIVE;
				CLANG_CXX_LANGUAGE_STANDARD = "gnu++20";
				CLANG_ENABLE_MODULES = YES;
				CLANG_ENABLE_OBJC_ARC = YES;
				CLANG_ENABLE_OBJC_WEAK = YES;
				CLANG_WARN_BLOCK_CAPTURE_AUTORELEASING = YES;
				CLANG_WARN_BOOL_CONVERSION = YES;
				CLANG_WARN_COMMA = YES;
				CLANG_WARN_CONSTANT_CONVERSION = YES;
				CLANG_WARN_DEPRECATED_OBJC_IMPLEMENTATIONS = YES;
				CLANG_WARN_DIRECT_OBJC_ISA_USAGE = YES_ERROR;
				CLANG_WARN_DOCUMENTATION_COMMENTS = YES;
				CLANG_WARN_EMPTY_BODY = YES;
				CLANG_WARN_ENUM_CONVERSION = YES;
				CLANG_WARN_INFINITE_RECURSION = YES;
				CLANG_WARN_INT_CONVERSION = YES;
				CLANG_WARN_NON_LITERAL_NULL_CONVERSION = YES;
				CLANG_WARN_OBJC_IMPLICIT_RETAIN_SELF = YES;
				CLANG_WARN_OBJC_LITERAL_CONVERSION = YES;
				CLANG_WARN_OBJC_ROOT_CLASS = YES_ERROR;
				CLANG_WARN_QUOTED_INCLUDE_IN_FRAMEWORK_HEADER = YES;
				CLANG_WARN_RANGE_LOOP_ANALYSIS = YES;
				CLANG_WARN_STRICT_PROTOTYPES = YES;
				CLANG_WARN_SUSPICIOUS_MOVE = YES;
				CLANG_WARN_UNGUARDED_AVAILABILITY = YES_AGGRESSIVE;
				CLANG_WARN_UNREACHABLE_CODE = YES;
				CLANG_WARN__DUPLICATE_METHOD_MATCH = YES;
				COPY_PHASE_STRIP = NO;
				DEBUG_INFORMATION_FORMAT = dwarf;
				DEVELOPMENT_TEAM = CY75497SYU;
				ENABLE_STRICT_OBJC_MSGSEND = YES;
				ENABLE_TESTABILITY = YES;
				ENABLE_USER_SCRIPT_SANDBOXING = YES;
				GCC_C_LANGUAGE_STANDARD = gnu17;
				GCC_DYNAMIC_NO_PIC = NO;
				GCC_NO_COMMON_BLOCKS = YES;
				GCC_OPTIMIZATION_LEVEL = 0;
				GCC_PREPROCESSOR_DEFINITIONS = (
					"DEBUG=1",
					"$(inherited)",
				);
				GCC_WARN_64_TO_32_BIT_CONVERSION = YES;
				GCC_WARN_ABOUT_RETURN_TYPE = YES_ERROR;
				GCC_WARN_UNDECLARED_SELECTOR = YES;
				GCC_WARN_UNINITIALIZED_AUTOS = YES_AGGRESSIVE;
				GCC_WARN_UNUSED_FUNCTION = YES;
				GCC_WARN_UNUSED_VARIABLE = YES;
				IPHONEOS_DEPLOYMENT_TARGET = 26.2;
				LOCALIZATION_PREFERS_STRING_CATALOGS = YES;
				MTL_ENABLE_DEBUG_INFO = INCLUDE_SOURCE;
				MTL_FAST_MATH = YES;
				ONLY_ACTIVE_ARCH = YES;
				SDKROOT = iphoneos;
				SWIFT_ACTIVE_COMPILATION_CONDITIONS = "DEBUG $(inherited)";
				SWIFT_OPTIMIZATION_LEVEL = "-Onone";
			};
			name = Debug;
		};
		B9D409CC2F7F3F3C003A9A17 /* Release */ = {
			isa = XCBuildConfiguration;
			buildSettings = {
				ALWAYS_SEARCH_USER_PATHS = NO;
				ASSETCATALOG_COMPILER_GENERATE_SWIFT_ASSET_SYMBOL_EXTENSIONS = YES;
				CLANG_ANALYZER_NONNULL = YES;
				CLANG_ANALYZER_NUMBER_OBJECT_CONVERSION = YES_AGGRESSIVE;
				CLANG_CXX_LANGUAGE_STANDARD = "gnu++20";
				CLANG_ENABLE_MODULES = YES;
				CLANG_ENABLE_OBJC_ARC = YES;
				CLANG_ENABLE_OBJC_WEAK = YES;
				CLANG_WARN_BLOCK_CAPTURE_AUTORELEASING = YES;
				CLANG_WARN_BOOL_CONVERSION = YES;
				CLANG_WARN_COMMA = YES;
				CLANG_WARN_CONSTANT_CONVERSION = YES;
				CLANG_WARN_DEPRECATED_OBJC_IMPLEMENTATIONS = YES;
				CLANG_WARN_DIRECT_OBJC_ISA_USAGE = YES_ERROR;
				CLANG_WARN_DOCUMENTATION_COMMENTS = YES;
				CLANG_WARN_EMPTY_BODY = YES;
				CLANG_WARN_ENUM_CONVERSION = YES;
				CLANG_WARN_INFINITE_RECURSION = YES;
				CLANG_WARN_INT_CONVERSION = YES;
				CLANG_WARN_NON_LITERAL_NULL_CONVERSION = YES;
				CLANG_WARN_OBJC_IMPLICIT_RETAIN_SELF = YES;
				CLANG_WARN_OBJC_LITERAL_CONVERSION = YES;
				CLANG_WARN_OBJC_ROOT_CLASS = YES_ERROR;
				CLANG_WARN_QUOTED_INCLUDE_IN_FRAMEWORK_HEADER = YES;
				CLANG_WARN_RANGE_LOOP_ANALYSIS = YES;
				CLANG_WARN_STRICT_PROTOTYPES = YES;
				CLANG_WARN_SUSPICIOUS_MOVE = YES;
				CLANG_WARN_UNGUARDED_AVAILABILITY = YES_AGGRESSIVE;
				CLANG_WARN_UNREACHABLE_CODE = YES;
				CLANG_WARN__DUPLICATE_METHOD_MATCH = YES;
				COPY_PHASE_STRIP = NO;
				DEBUG_INFORMATION_FORMAT = "dwarf-with-dsym";
				DEVELOPMENT_TEAM = CY75497SYU;
				ENABLE_NS_ASSERTIONS = NO;
				ENABLE_STRICT_OBJC_MSGSEND = YES;
				ENABLE_USER_SCRIPT_SANDBOXING = YES;
				GCC_C_LANGUAGE_STANDARD = gnu17;
				GCC_NO_COMMON_BLOCKS = YES;
				GCC_WARN_64_TO_32_BIT_CONVERSION = YES;
				GCC_WARN_ABOUT_RETURN_TYPE = YES_ERROR;
				GCC_WARN_UNDECLARED_SELECTOR = YES;
				GCC_WARN_UNINITIALIZED_AUTOS = YES_AGGRESSIVE;
				GCC_WARN_UNUSED_FUNCTION = YES;
				GCC_WARN_UNUSED_VARIABLE = YES;
				IPHONEOS_DEPLOYMENT_TARGET = 26.2;
				LOCALIZATION_PREFERS_STRING_CATALOGS = YES;
				MTL_ENABLE_DEBUG_INFO = NO;
				MTL_FAST_MATH = YES;
				SDKROOT = iphoneos;
				SWIFT_COMPILATION_MODE = wholemodule;
				VALIDATE_PRODUCT = YES;
			};
			name = Release;
		};
		B9D409CE2F7F3F3C003A9A17 /* Debug */ = {
			isa = XCBuildConfiguration;
			buildSettings = {
				ASSETCATALOG_COMPILER_APPICON_NAME = AppIcon;
				ASSETCATALOG_COMPILER_GLOBAL_ACCENT_COLOR_NAME = AccentColor;
				CODE_SIGN_STYLE = Automatic;
				CURRENT_PROJECT_VERSION = 1;
				DEVELOPMENT_TEAM = CY75497SYU;
				ENABLE_PREVIEWS = YES;
				GENERATE_INFOPLIST_FILE = YES;
				INFOPLIST_KEY_CFBundleDisplayName = "SPECTRE Social Network";
				INFOPLIST_KEY_UIApplicationSceneManifest_Generation = YES;
				INFOPLIST_KEY_UIApplicationSupportsIndirectInputEvents = YES;
				INFOPLIST_KEY_UILaunchScreen_Generation = YES;
				INFOPLIST_KEY_UISupportedInterfaceOrientations_iPad = "UIInterfaceOrientationPortrait UIInterfaceOrientationPortraitUpsideDown UIInterfaceOrientationLandscapeLeft UIInterfaceOrientationLandscapeRight";
				INFOPLIST_KEY_UISupportedInterfaceOrientations_iPhone = "UIInterfaceOrientationPortrait UIInterfaceOrientationLandscapeLeft UIInterfaceOrientationLandscapeRight";
				LD_RUNPATH_SEARCH_PATHS = (
					"$(inherited)",
					"@executable_path/Frameworks",
				);
				MARKETING_VERSION = 1.0;
				PRODUCT_BUNDLE_IDENTIFIER = com.maiva.SpectreSocialNetwork;
				PRODUCT_NAME = "$(TARGET_NAME)";
				STRING_CATALOG_GENERATE_SYMBOLS = YES;
				SWIFT_APPROACHABLE_CONCURRENCY = YES;
				SWIFT_DEFAULT_ACTOR_ISOLATION = MainActor;
				SWIFT_EMIT_LOC_STRINGS = YES;
				SWIFT_UPCOMING_FEATURE_MEMBER_IMPORT_VISIBILITY = YES;
				SWIFT_VERSION = 5.0;
				TARGETED_DEVICE_FAMILY = "1,2";
			};
			name = Debug;
		};
		B9D409CF2F7F3F3C003A9A17 /* Release */ = {
			isa = XCBuildConfiguration;
			buildSettings = {
				ASSETCATALOG_COMPILER_APPICON_NAME = AppIcon;
				ASSETCATALOG_COMPILER_GLOBAL_ACCENT_COLOR_NAME = AccentColor;
				CODE_SIGN_STYLE = Automatic;
				CURRENT_PROJECT_VERSION = 1;
				DEVELOPMENT_TEAM = CY75497SYU;
				ENABLE_PREVIEWS = YES;
				GENERATE_INFOPLIST_FILE = YES;
				INFOPLIST_KEY_CFBundleDisplayName = "SPECTRE Social Network";
				INFOPLIST_KEY_UIApplicationSceneManifest_Generation = YES;
				INFOPLIST_KEY_UIApplicationSupportsIndirectInputEvents = YES;
				INFOPLIST_KEY_UILaunchScreen_Generation = YES;
				INFOPLIST_KEY_UISupportedInterfaceOrientations_iPad = "UIInterfaceOrientationPortrait UIInterfaceOrientationPortraitUpsideDown UIInterfaceOrientationLandscapeLeft UIInterfaceOrientationLandscapeRight";
				INFOPLIST_KEY_UISupportedInterfaceOrientations_iPhone = "UIInterfaceOrientationPortrait UIInterfaceOrientationLandscapeLeft UIInterfaceOrientationLandscapeRight";
				LD_RUNPATH_SEARCH_PATHS = (
					"$(inherited)",
					"@executable_path/Frameworks",
				);
				MARKETING_VERSION = 1.0;
				PRODUCT_BUNDLE_IDENTIFIER = com.maiva.SpectreSocialNetwork;
				PRODUCT_NAME = "$(TARGET_NAME)";
				STRING_CATALOG_GENERATE_SYMBOLS = YES;
				SWIFT_APPROACHABLE_CONCURRENCY = YES;
				SWIFT_DEFAULT_ACTOR_ISOLATION = MainActor;
				SWIFT_EMIT_LOC_STRINGS = YES;
				SWIFT_UPCOMING_FEATURE_MEMBER_IMPORT_VISIBILITY = YES;
				SWIFT_VERSION = 5.0;
				TARGETED_DEVICE_FAMILY = "1,2";
			};
			name = Release;
		};
		B9D409D12F7F3F3C003A9A17 /* Debug */ = {
			isa = XCBuildConfiguration;
			buildSettings = {
				BUNDLE_LOADER = "$(TEST_HOST)";
				CODE_SIGN_STYLE = Automatic;
				CURRENT_PROJECT_VERSION = 1;
				DEVELOPMENT_TEAM = CY75497SYU;
				GENERATE_INFOPLIST_FILE = YES;
				IPHONEOS_DEPLOYMENT_TARGET = 26.2;
				MARKETING_VERSION = 1.0;
				PRODUCT_BUNDLE_IDENTIFIER = com.maiva.SpectreSocialNetworkTests;
				PRODUCT_NAME = "$(TARGET_NAME)";
				STRING_CATALOG_GENERATE_SYMBOLS = NO;
				SWIFT_APPROACHABLE_CONCURRENCY = YES;
				SWIFT_EMIT_LOC_STRINGS = NO;
				SWIFT_UPCOMING_FEATURE_MEMBER_IMPORT_VISIBILITY = YES;
				SWIFT_VERSION = 5.0;
				TARGETED_DEVICE_FAMILY = "1,2";
				TEST_HOST = "$(BUILT_PRODUCTS_DIR)/SpectreSocialNetwork.app/$(BUNDLE_EXECUTABLE_FOLDER_PATH)/SpectreSocialNetwork";
			};
			name = Debug;
		};
		B9D409D22F7F3F3C003A9A17 /* Release */ = {
			isa = XCBuildConfiguration;
			buildSettings = {
				BUNDLE_LOADER = "$(TEST_HOST)";
				CODE_SIGN_STYLE = Automatic;
				CURRENT_PROJECT_VERSION = 1;
				DEVELOPMENT_TEAM = CY75497SYU;
				GENERATE_INFOPLIST_FILE = YES;
				IPHONEOS_DEPLOYMENT_TARGET = 26.2;
				MARKETING_VERSION = 1.0;
				PRODUCT_BUNDLE_IDENTIFIER = com.maiva.SpectreSocialNetworkTests;
				PRODUCT_NAME = "$(TARGET_NAME)";
				STRING_CATALOG_GENERATE_SYMBOLS = NO;
				SWIFT_APPROACHABLE_CONCURRENCY = YES;
				SWIFT_EMIT_LOC_STRINGS = NO;
				SWIFT_UPCOMING_FEATURE_MEMBER_IMPORT_VISIBILITY = YES;
				SWIFT_VERSION = 5.0;
				TARGETED_DEVICE_FAMILY = "1,2";
				TEST_HOST = "$(BUILT_PRODUCTS_DIR)/SpectreSocialNetwork.app/$(BUNDLE_EXECUTABLE_FOLDER_PATH)/SpectreSocialNetwork";
			};
			name = Release;
		};
		B9D409D42F7F3F3C003A9A17 /* Debug */ = {
			isa = XCBuildConfiguration;
			buildSettings = {
				CODE_SIGN_STYLE = Automatic;
				CURRENT_PROJECT_VERSION = 1;
				DEVELOPMENT_TEAM = CY75497SYU;
				GENERATE_INFOPLIST_FILE = YES;
				MARKETING_VERSION = 1.0;
				PRODUCT_BUNDLE_IDENTIFIER = com.maiva.SpectreSocialNetworkUITests;
				PRODUCT_NAME = "$(TARGET_NAME)";
				STRING_CATALOG_GENERATE_SYMBOLS = NO;
				SWIFT_APPROACHABLE_CONCURRENCY = YES;
				SWIFT_EMIT_LOC_STRINGS = NO;
				SWIFT_UPCOMING_FEATURE_MEMBER_IMPORT_VISIBILITY = YES;
				SWIFT_VERSION = 5.0;
				TARGETED_DEVICE_FAMILY = "1,2";
				TEST_TARGET_NAME = SpectreSocialNetwork;
			};
			name = Debug;
		};
		B9D409D52F7F3F3C003A9A17 /* Release */ = {
			isa = XCBuildConfiguration;
			buildSettings = {
				CODE_SIGN_STYLE = Automatic;
				CURRENT_PROJECT_VERSION = 1;
				DEVELOPMENT_TEAM = CY75497SYU;
				GENERATE_INFOPLIST_FILE = YES;
				MARKETING_VERSION = 1.0;
				PRODUCT_BUNDLE_IDENTIFIER = com.maiva.SpectreSocialNetworkUITests;
				PRODUCT_NAME = "$(TARGET_NAME)";
				STRING_CATALOG_GENERATE_SYMBOLS = NO;
				SWIFT_APPROACHABLE_CONCURRENCY = YES;
				SWIFT_EMIT_LOC_STRINGS = NO;
				SWIFT_UPCOMING_FEATURE_MEMBER_IMPORT_VISIBILITY = YES;
				SWIFT_VERSION = 5.0;
				TARGETED_DEVICE_FAMILY = "1,2";
				TEST_TARGET_NAME = SpectreSocialNetwork;
			};
			name = Release;
		};
/* End XCBuildConfiguration section */

/* Begin XCConfigurationList section */
		B9D409A72F7F3F3C003A9A17 /* Build configuration list for PBXProject "SpectreSocialNetwork" */ = {
			isa = XCConfigurationList;
			buildConfigurations = (
				B9D409CB2F7F3F3C003A9A17 /* Debug */,
				B9D409CC2F7F3F3C003A9A17 /* Release */,
			);
			defaultConfigurationIsVisible = 0;
			defaultConfigurationName = Release;
		};
		B9D409CD2F7F3F3C003A9A17 /* Build configuration list for PBXNativeTarget "SpectreSocialNetwork" */ = {
			isa = XCConfigurationList;
			buildConfigurations = (
				B9D409CE2F7F3F3C003A9A17 /* Debug */,
				B9D409CF2F7F3F3C003A9A17 /* Release */,
			);
			defaultConfigurationIsVisible = 0;
			defaultConfigurationName = Release;
		};
		B9D409D02F7F3F3C003A9A17 /* Build configuration list for PBXNativeTarget "SpectreSocialNetworkTests" */ = {
			isa = XCConfigurationList;
			buildConfigurations = (
				B9D409D12F7F3F3C003A9A17 /* Debug */,
				B9D409D22F7F3F3C003A9A17 /* Release */,
			);
			defaultConfigurationIsVisible = 0;
			defaultConfigurationName = Release;
		};
		B9D409D32F7F3F3C003A9A17 /* Build configuration list for PBXNativeTarget "SpectreSocialNetworkUITests" */ = {
			isa = XCConfigurationList;
			buildConfigurations = (
				B9D409D42F7F3F3C003A9A17 /* Debug */,
				B9D409D52F7F3F3C003A9A17 /* Release */,
			);
			defaultConfigurationIsVisible = 0;
			defaultConfigurationName = Release;
		};
/* End XCConfigurationList section */
	};
	rootObject = B9D409A42F7F3F3C003A9A17 /* Project object */;
}
